
Microsoft Visual Studio Solution File, Format Version 12.00
# Visual Studio Version 16
VisualStudioVersion = 16.0.29230.47
MinimumVisualStudioVersion = 10.0.40219.1
Project("{FAE04EC0-301F-11D3-BF4B-00C04F79EFBC}") = "MvcMovie", "MvcMovie\MvcMovie.csproj", "{74B20EAB-C0D1-43BD-9EFF-BC73F3CEC890}"
EndProject
Global
	GlobalSection(SolutionConfigurationPlatforms) = preSolution
		Debug|Any CPU = Debug|Any CPU
		Release|Any CPU = Release|Any CPU
	EndGlobalSection
	GlobalSection(ProjectConfigurationPlatforms) = postSolution
		{74B20EAB-C0D1-43BD-9EFF-BC73F3CEC890}.Debug|Any CPU.ActiveCfg = Debug|Any CPU
		{74B20EAB-C0D1-43BD-9EFF-BC73F3CEC890}.Debug|Any CPU.Build.0 = Debug|Any CPU
		{74B20EAB-C0D1-43BD-9EFF-BC73F3CEC890}.Release|Any CPU.ActiveCfg = Release|Any CPU
		{74B20EAB-C0D1-43BD-9EFF-BC73F3CEC890}.Release|Any CPU.Build.0 = Release|Any CPU
	EndGlobalSection
	GlobalSection(SolutionProperties) = preSolution
		HideSolutionNode = FALSE
	EndGlobalSection
	GlobalSection(ExtensibilityGlobals) = postSolution
		SolutionGuid = {808E4C38-8DDE-44FE-ACAC-22A72FEAE9B2}
	EndGlobalSection
EndGlobal
